
Microsoft Visual Studio Solution File, Format Version 12.00
# Visual Studio 15
VisualStudioVersion = 15.0.28010.2026
MinimumVisualStudioVersion = 10.0.40219.1
Project("{FAE04EC0-301F-11D3-BF4B-00C04F79EFBC}") = "LINQTEST", "LINQTEST\LINQTEST.csproj", "{2C772D74-15EE-45D1-9195-1EE0ECC7E836}"
EndProject
Global
	GlobalSection(SolutionConfigurationPlatforms) = preSolution
		Debug|Any CPU = Debug|Any CPU
		Release|Any CPU = Release|Any CPU
	EndGlobalSection
	GlobalSection(ProjectConfigurationPlatforms) = postSolution
		{2C772D74-15EE-45D1-9195-1EE0ECC7E836}.Debug|Any CPU.ActiveCfg = Debug|Any CPU
		{2C772D74-15EE-45D1-9195-1EE0ECC7E836}.Debug|Any CPU.Build.0 = Debug|Any CPU
		{2C772D74-15EE-45D1-9195-1EE0ECC7E836}.Release|Any CPU.ActiveCfg = Release|Any CPU
		{2C772D74-15EE-45D1-9195-1EE0ECC7E836}.Release|Any CPU.Build.0 = Release|Any CPU
	EndGlobalSection
	GlobalSection(SolutionProperties) = preSolution
		HideSolutionNode = FALSE
	EndGlobalSection
	GlobalSection(ExtensibilityGlobals) = postSolution
		SolutionGuid = {4B32905E-E8E0-42CF-A8DB-A0A00A80820D}
	EndGlobalSection
EndGlobal
